
Microsoft Visual Studio Solution File, Format Version 12.00
# Visual Studio 15
VisualStudioVersion = 15.0.28010.2050
MinimumVisualStudioVersion = 10.0.40219.1
Project("{FAE04EC0-301F-11D3-BF4B-00C04F79EFBC}") = "FileMoose", "FileMoose\FileMoose.csproj", "{3D2DE889-3750-4EAB-A328-593C198AC22B}"
EndProject
Global
	GlobalSection(SolutionConfigurationPlatforms) = preSolution
		Debug|Any CPU = Debug|Any CPU
		Release|Any CPU = Release|Any CPU
	EndGlobalSection
	GlobalSection(ProjectConfigurationPlatforms) = postSolution
		{3D2DE889-3750-4EAB-A328-593C198AC22B}.Debug|Any CPU.ActiveCfg = Debug|Any CPU
		{3D2DE889-3750-4EAB-A328-593C198AC22B}.Debug|Any CPU.Build.0 = Debug|Any CPU
		{3D2DE889-3750-4EAB-A328-593C198AC22B}.Release|Any CPU.ActiveCfg = Release|Any CPU
		{3D2DE889-3750-4EAB-A328-593C198AC22B}.Release|Any CPU.Build.0 = Release|Any CPU
	EndGlobalSection
	GlobalSection(SolutionProperties) = preSolution
		HideSolutionNode = FALSE
	EndGlobalSection
	GlobalSection(ExtensibilityGlobals) = postSolution
		SolutionGuid = {D5FD080E-FC4F-4850-A46B-49421E616300}
	EndGlobalSection
EndGlobal
